
Microsoft Visual Studio Solution File, Format Version 12.00
# Visual Studio Version 17
VisualStudioVersion = 17.14.36518.9 d17.14
MinimumVisualStudioVersion = 10.0.40219.1
Project("{FAE04EC0-301F-11D3-BF4B-00C04F79EFBC}") = "MyCalendar", "MyCalendar.csproj", "{FAD0CEB5-C39B-425A-AA2A-D9E34EEA9706}"
EndProject
Project("{FAE04EC0-301F-11D3-BF4B-00C04F79EFBC}") = "ScheduleEventCalendar", "..\ScheduleEventCalendar\ScheduleEventCalendar.csproj", "{CB52DBA8-9B10-405F-AC0D-5B516A734F59}"
EndProject
Global
	GlobalSection(SolutionConfigurationPlatforms) = preSolution
		Debug|Any CPU = Debug|Any CPU
		Release|Any CPU = Release|Any CPU
	EndGlobalSection
	GlobalSection(ProjectConfigurationPlatforms) = postSolution
		{FAD0CEB5-C39B-425A-AA2A-D9E34EEA9706}.Debug|Any CPU.ActiveCfg = Debug|Any CPU
		{FAD0CEB5-C39B-425A-AA2A-D9E34EEA9706}.Debug|Any CPU.Build.0 = Debug|Any CPU
		{FAD0CEB5-C39B-425A-AA2A-D9E34EEA9706}.Release|Any CPU.ActiveCfg = Release|Any CPU
		{FAD0CEB5-C39B-425A-AA2A-D9E34EEA9706}.Release|Any CPU.Build.0 = Release|Any CPU
		{CB52DBA8-9B10-405F-AC0D-5B516A734F59}.Debug|Any CPU.ActiveCfg = Debug|Any CPU
		{CB52DBA8-9B10-405F-AC0D-5B516A734F59}.Debug|Any CPU.Build.0 = Debug|Any CPU
		{CB52DBA8-9B10-405F-AC0D-5B516A734F59}.Release|Any CPU.ActiveCfg = Release|Any CPU
		{CB52DBA8-9B10-405F-AC0D-5B516A734F59}.Release|Any CPU.Build.0 = Release|Any CPU
	EndGlobalSection
	GlobalSection(SolutionProperties) = preSolution
		HideSolutionNode = FALSE
	EndGlobalSection
	GlobalSection(ExtensibilityGlobals) = postSolution
		SolutionGuid = {9D501F83-A8BE-48C0-A64E-6C0BC31ACD3B}
	EndGlobalSection
EndGlobal
