
Microsoft Visual Studio Solution File, Format Version 12.00
# Visual Studio Version 17
VisualStudioVersion = 17.14.36511.14
MinimumVisualStudioVersion = 10.0.40219.1
Project("{FAE04EC0-301F-11D3-BF4B-00C04F79EFBC}") = "FileSearcherMultiThread", "FileSearcherMultiThread.csproj", "{937D97CC-9F30-429D-A543-A8784ABBB0CC}"
	ProjectSection(ProjectDependencies) = postProject
		{FB78C46E-0DCD-4C73-8857-4A926F26C16A} = {FB78C46E-0DCD-4C73-8857-4A926F26C16A}
	EndProjectSection
EndProject
Project("{FAE04EC0-301F-11D3-BF4B-00C04F79EFBC}") = "Services", "..\Services\Services.csproj", "{FB78C46E-0DCD-4C73-8857-4A926F26C16A}"
EndProject
Global
	GlobalSection(SolutionConfigurationPlatforms) = preSolution
		Debug|Any CPU = Debug|Any CPU
		Release|Any CPU = Release|Any CPU
	EndGlobalSection
	GlobalSection(ProjectConfigurationPlatforms) = postSolution
		{937D97CC-9F30-429D-A543-A8784ABBB0CC}.Debug|Any CPU.ActiveCfg = Debug|Any CPU
		{937D97CC-9F30-429D-A543-A8784ABBB0CC}.Debug|Any CPU.Build.0 = Debug|Any CPU
		{937D97CC-9F30-429D-A543-A8784ABBB0CC}.Release|Any CPU.ActiveCfg = Release|Any CPU
		{937D97CC-9F30-429D-A543-A8784ABBB0CC}.Release|Any CPU.Build.0 = Release|Any CPU
		{FB78C46E-0DCD-4C73-8857-4A926F26C16A}.Debug|Any CPU.ActiveCfg = Debug|Any CPU
		{FB78C46E-0DCD-4C73-8857-4A926F26C16A}.Debug|Any CPU.Build.0 = Debug|Any CPU
		{FB78C46E-0DCD-4C73-8857-4A926F26C16A}.Release|Any CPU.ActiveCfg = Release|Any CPU
		{FB78C46E-0DCD-4C73-8857-4A926F26C16A}.Release|Any CPU.Build.0 = Release|Any CPU
	EndGlobalSection
	GlobalSection(SolutionProperties) = preSolution
		HideSolutionNode = FALSE
	EndGlobalSection
	GlobalSection(ExtensibilityGlobals) = postSolution
		SolutionGuid = {3F3FCD47-8183-408D-9DAE-18881DFE7674}
	EndGlobalSection
EndGlobal
