
Microsoft Visual Studio Solution File, Format Version 12.00
# Visual Studio Version 17
VisualStudioVersion = 17.14.36511.14 d17.14
MinimumVisualStudioVersion = 10.0.40219.1
Project("{FAE04EC0-301F-11D3-BF4B-00C04F79EFBC}") = "StringLengthCounterAndBuffer", "StringLengthCounterAndBuffer.csproj", "{8CA3F106-C266-4496-8B40-C45005533171}"
EndProject
Global
	GlobalSection(SolutionConfigurationPlatforms) = preSolution
		Debug|Any CPU = Debug|Any CPU
		Release|Any CPU = Release|Any CPU
	EndGlobalSection
	GlobalSection(ProjectConfigurationPlatforms) = postSolution
		{8CA3F106-C266-4496-8B40-C45005533171}.Debug|Any CPU.ActiveCfg = Debug|Any CPU
		{8CA3F106-C266-4496-8B40-C45005533171}.Debug|Any CPU.Build.0 = Debug|Any CPU
		{8CA3F106-C266-4496-8B40-C45005533171}.Release|Any CPU.ActiveCfg = Release|Any CPU
		{8CA3F106-C266-4496-8B40-C45005533171}.Release|Any CPU.Build.0 = Release|Any CPU
	EndGlobalSection
	GlobalSection(SolutionProperties) = preSolution
		HideSolutionNode = FALSE
	EndGlobalSection
	GlobalSection(ExtensibilityGlobals) = postSolution
		SolutionGuid = {4029098C-B17A-40D6-B657-87F0A049CBCD}
	EndGlobalSection
EndGlobal
